PODS:
  - Alamofire (4.9.1)
  - SwiftyJSON (4.3.0)

DEPENDENCIES:
  - Alamofire
  - SwiftyJSON (~> 4.0)

SPEC REPOS:
  trunk:
    - Alamofire
    - SwiftyJSON

SPEC CHECKSUMS:
  Alamofire: 85e8a02c69d6020a0d734f6054870d7ecb75cf18
  SwiftyJSON: 6faa0040f8b59dead0ee07436cbf76b73c08fd08

PODFILE CHECKSUM: 0a762cf189fcef13e0b6d48ea6c9f9abdbfe25ab

COCOAPODS: 1.8.4
